
Microsoft Visual Studio Solution File, Format Version 12.00
# Visual Studio Version 17
VisualStudioVersion = 17.11.35222.181
MinimumVisualStudioVersion = 10.0.40219.1
Project("{FAE04EC0-301F-11D3-BF4B-00C04F79EFBC}") = "les14", "les14\les14.csproj", "{8EB1D9DD-741D-4B62-9147-6D1FFB3D1ED5}"
EndProject
Global
	GlobalSection(SolutionConfigurationPlatforms) = preSolution
		Debug|Any CPU = Debug|Any CPU
		Release|Any CPU = Release|Any CPU
	EndGlobalSection
	GlobalSection(ProjectConfigurationPlatforms) = postSolution
		{8EB1D9DD-741D-4B62-9147-6D1FFB3D1ED5}.Debug|Any CPU.ActiveCfg = Debug|Any CPU
		{8EB1D9DD-741D-4B62-9147-6D1FFB3D1ED5}.Debug|Any CPU.Build.0 = Debug|Any CPU
		{8EB1D9DD-741D-4B62-9147-6D1FFB3D1ED5}.Release|Any CPU.ActiveCfg = Release|Any CPU
		{8EB1D9DD-741D-4B62-9147-6D1FFB3D1ED5}.Release|Any CPU.Build.0 = Release|Any CPU
	EndGlobalSection
	GlobalSection(SolutionProperties) = preSolution
		HideSolutionNode = FALSE
	EndGlobalSection
	GlobalSection(ExtensibilityGlobals) = postSolution
		SolutionGuid = {42EC7B96-651F-40A2-B684-DFDC0E095A27}
	EndGlobalSection
EndGlobal
